
Microsoft Visual Studio Solution File, Format Version 11.00
# Visual Studio 2010
Project("{8BC9CEB8-8B4A-11D0-8D11-00A0C91BC942}") = "LZString", "LZString\LZString.vcxproj", "{F7E9BDE8-3844-4E7D-B793-3BA6BECAF6CF}"
EndProject
Global
	GlobalSection(SolutionConfigurationPlatforms) = preSolution
		Debug|Win32 = Debug|Win32
		Release|Win32 = Release|Win32
	EndGlobalSection
	GlobalSection(ProjectConfigurationPlatforms) = postSolution
		{F7E9BDE8-3844-4E7D-B793-3BA6BECAF6CF}.Debug|Win32.ActiveCfg = Debug|Win32
		{F7E9BDE8-3844-4E7D-B793-3BA6BECAF6CF}.Debug|Win32.Build.0 = Debug|Win32
		{F7E9BDE8-3844-4E7D-B793-3BA6BECAF6CF}.Release|Win32.ActiveCfg = Release|Win32
		{F7E9BDE8-3844-4E7D-B793-3BA6BECAF6CF}.Release|Win32.Build.0 = Release|Win32
	EndGlobalSection
	GlobalSection(SolutionProperties) = preSolution
		HideSolutionNode = FALSE
	EndGlobalSection
EndGlobal
